
Microsoft Visual Studio Solution File, Format Version 12.00
# Visual Studio Version 16
VisualStudioVersion = 16.0.30114.105
MinimumVisualStudioVersion = 10.0.40219.1
Project("{FAE04EC0-301F-11D3-BF4B-00C04F79EFBC}") = "API", "API\API.csproj", "{8EBA760C-78BF-48AE-84E8-37B0EDD9FD25}"
EndProject
Project("{FAE04EC0-301F-11D3-BF4B-00C04F79EFBC}") = "Core", "Core\Core.csproj", "{F1FC507D-873E-40B9-AECA-8755FA8D2C89}"
EndProject
Project("{FAE04EC0-301F-11D3-BF4B-00C04F79EFBC}") = "Infrastructure", "Infrastructure\Infrastructure.csproj", "{98E2F712-7B34-400F-98A1-676D3EB3BFE7}"
EndProject
Global
	GlobalSection(SolutionConfigurationPlatforms) = preSolution
		Debug|Any CPU = Debug|Any CPU
		Debug|x64 = Debug|x64
		Debug|x86 = Debug|x86
		Release|Any CPU = Release|Any CPU
		Release|x64 = Release|x64
		Release|x86 = Release|x86
	EndGlobalSection
	GlobalSection(SolutionProperties) = preSolution
		HideSolutionNode = FALSE
	EndGlobalSection
	GlobalSection(ProjectConfigurationPlatforms) = postSolution
		{8EBA760C-78BF-48AE-84E8-37B0EDD9FD25}.Debug|Any CPU.ActiveCfg = Debug|Any CPU
		{8EBA760C-78BF-48AE-84E8-37B0EDD9FD25}.Debug|Any CPU.Build.0 = Debug|Any CPU
		{8EBA760C-78BF-48AE-84E8-37B0EDD9FD25}.Debug|x64.ActiveCfg = Debug|Any CPU
		{8EBA760C-78BF-48AE-84E8-37B0EDD9FD25}.Debug|x64.Build.0 = Debug|Any CPU
		{8EBA760C-78BF-48AE-84E8-37B0EDD9FD25}.Debug|x86.ActiveCfg = Debug|Any CPU
		{8EBA760C-78BF-48AE-84E8-37B0EDD9FD25}.Debug|x86.Build.0 = Debug|Any CPU
		{8EBA760C-78BF-48AE-84E8-37B0EDD9FD25}.Release|Any CPU.ActiveCfg = Release|Any CPU
		{8EBA760C-78BF-48AE-84E8-37B0EDD9FD25}.Release|Any CPU.Build.0 = Release|Any CPU
		{8EBA760C-78BF-48AE-84E8-37B0EDD9FD25}.Release|x64.ActiveCfg = Release|Any CPU
		{8EBA760C-78BF-48AE-84E8-37B0EDD9FD25}.Release|x64.Build.0 = Release|Any CPU
		{8EBA760C-78BF-48AE-84E8-37B0EDD9FD25}.Release|x86.ActiveCfg = Release|Any CPU
		{8EBA760C-78BF-48AE-84E8-37B0EDD9FD25}.Release|x86.Build.0 = Release|Any CPU
		{F1FC507D-873E-40B9-AECA-8755FA8D2C89}.Debug|Any CPU.ActiveCfg = Debug|Any CPU
		{F1FC507D-873E-40B9-AECA-8755FA8D2C89}.Debug|Any CPU.Build.0 = Debug|Any CPU
		{F1FC507D-873E-40B9-AECA-8755FA8D2C89}.Debug|x64.ActiveCfg = Debug|Any CPU
		{F1FC507D-873E-40B9-AECA-8755FA8D2C89}.Debug|x64.Build.0 = Debug|Any CPU
		{F1FC507D-873E-40B9-AECA-8755FA8D2C89}.Debug|x86.ActiveCfg = Debug|Any CPU
		{F1FC507D-873E-40B9-AECA-8755FA8D2C89}.Debug|x86.Build.0 = Debug|Any CPU
		{F1FC507D-873E-40B9-AECA-8755FA8D2C89}.Release|Any CPU.ActiveCfg = Release|Any CPU
		{F1FC507D-873E-40B9-AECA-8755FA8D2C89}.Release|Any CPU.Build.0 = Release|Any CPU
		{F1FC507D-873E-40B9-AECA-8755FA8D2C89}.Release|x64.ActiveCfg = Release|Any CPU
		{F1FC507D-873E-40B9-AECA-8755FA8D2C89}.Release|x64.Build.0 = Release|Any CPU
		{F1FC507D-873E-40B9-AECA-8755FA8D2C89}.Release|x86.ActiveCfg = Release|Any CPU
		{F1FC507D-873E-40B9-AECA-8755FA8D2C89}.Release|x86.Build.0 = Release|Any CPU
		{98E2F712-7B34-400F-98A1-676D3EB3BFE7}.Debug|Any CPU.ActiveCfg = Debug|Any CPU
		{98E2F712-7B34-400F-98A1-676D3EB3BFE7}.Debug|Any CPU.Build.0 = Debug|Any CPU
		{98E2F712-7B34-400F-98A1-676D3EB3BFE7}.Debug|x64.ActiveCfg = Debug|Any CPU
		{98E2F712-7B34-400F-98A1-676D3EB3BFE7}.Debug|x64.Build.0 = Debug|Any CPU
		{98E2F712-7B34-400F-98A1-676D3EB3BFE7}.Debug|x86.ActiveCfg = Debug|Any CPU
		{98E2F712-7B34-400F-98A1-676D3EB3BFE7}.Debug|x86.Build.0 = Debug|Any CPU
		{98E2F712-7B34-400F-98A1-676D3EB3BFE7}.Release|Any CPU.ActiveCfg = Release|Any CPU
		{98E2F712-7B34-400F-98A1-676D3EB3BFE7}.Release|Any CPU.Build.0 = Release|Any CPU
		{98E2F712-7B34-400F-98A1-676D3EB3BFE7}.Release|x64.ActiveCfg = Release|Any CPU
		{98E2F712-7B34-400F-98A1-676D3EB3BFE7}.Release|x64.Build.0 = Release|Any CPU
		{98E2F712-7B34-400F-98A1-676D3EB3BFE7}.Release|x86.ActiveCfg = Release|Any CPU
		{98E2F712-7B34-400F-98A1-676D3EB3BFE7}.Release|x86.Build.0 = Release|Any CPU
	EndGlobalSection
EndGlobal
